// !$*UTF8*$!
{
	archiveVersion = 1;
	classes = {
	};
	objectVersion = 46;
	objects = {

/* Begin PBXBuildFile section */
		BE170B3E1A85D5710021550A /* BmobSDK.framework in Frameworks */ = {isa = PBXBuildFile; fileRef = BE170B3D1A85D5710021550A /* BmobSDK.framework */; };
		BE613F201A7C83250052DA5F /* Test.m in Sources */ = {isa = PBXBuildFile; fileRef = BE613F1F1A7C83250052DA5F /* Test.m */; };
		BEA6C2751A5E7D380071DDCF /* main.m in Sources */ = {isa = PBXBuildFile; fileRef = BEA6C2741A5E7D380071DDCF /* main.m */; };
		BEA6C2781A5E7D380071DDCF /* AppDelegate.m in Sources */ = {isa = PBXBuildFile; fileRef = BEA6C2771A5E7D380071DDCF /* AppDelegate.m */; };
		BEA6C27B1A5E7D380071DDCF /* ViewController.m in Sources */ = {isa = PBXBuildFile; fileRef = BEA6C27A1A5E7D380071DDCF /* ViewController.m */; };
		BEA6C27E1A5E7D380071DDCF /* Main.storyboard in Resources */ = {isa = PBXBuildFile; fileRef = BEA6C27C1A5E7D380071DDCF /* Main.storyboard */; };
		BEA6C2801A5E7D380071DDCF /* Images.xcassets in Resources */ = {isa = PBXBuildFile; fileRef = BEA6C27F1A5E7D380071DDCF /* Images.xcassets */; };
		BEA6C2831A5E7D380071DDCF /* LaunchScreen.xib in Resources */ = {isa = PBXBuildFile; fileRef = BEA6C2811A5E7D380071DDCF /* LaunchScreen.xib */; };
		BEA6C28F1A5E7D380071DDCF /* NewDemoTests.m in Sources */ = {isa = PBXBuildFile; fileRef = BEA6C28E1A5E7D380071DDCF /* NewDemoTests.m */; };
		BEA6C2991A5E7D600071DDCF /* Foundation.framework in Frameworks */ = {isa = PBXBuildFile; fileRef = BEA6C2981A5E7D600071DDCF /* Foundation.framework */; };
		BEA6C29B1A5E7D660071DDCF /* AVFoundation.framework in Frameworks */ = {isa = PBXBuildFile; fileRef = BEA6C29A1A5E7D660071DDCF /* AVFoundation.framework */; };
		BEA6C29D1A5E7D6C0071DDCF /* MediaPlayer.framework in Frameworks */ = {isa = PBXBuildFile; fileRef = BEA6C29C1A5E7D6C0071DDCF /* MediaPlayer.framework */; };
		BEA6C29F1A5E7D730071DDCF /* libsqlite3.dylib in Frameworks */ = {isa = PBXBuildFile; fileRef = BEA6C29E1A5E7D730071DDCF /* libsqlite3.dylib */; };
		BEA6C2A11A5E7D820071DDCF /* libicucore.dylib in Frameworks */ = {isa = PBXBuildFile; fileRef = BEA6C2A01A5E7D820071DDCF /* libicucore.dylib */; };
		BEA6C2A31A5E7D870071DDCF /* libz.1.2.5.dylib in Frameworks */ = {isa = PBXBuildFile; fileRef = BEA6C2A21A5E7D870071DDCF /* libz.1.2.5.dylib */; };
		BEA6C2A51A5E7D8E0071DDCF /* SystemConfiguration.framework in Frameworks */ = {isa = PBXBuildFile; fileRef = BEA6C2A41A5E7D8E0071DDCF /* SystemConfiguration.framework */; };
		BEA6C2A71A5E7D990071DDCF /* CoreTelephony.framework in Frameworks */ = {isa = PBXBuildFile; fileRef = BEA6C2A61A5E7D990071DDCF /* CoreTelephony.framework */; };
		BEA6C2A91A5E7D9F0071DDCF /* CFNetwork.framework in Frameworks */ = {isa = PBXBuildFile; fileRef = BEA6C2A81A5E7D9F0071DDCF /* CFNetwork.framework */; };
		BEA6C2AB1A5E7DA50071DDCF /* MobileCoreServices.framework in Frameworks */ = {isa = PBXBuildFile; fileRef = BEA6C2AA1A5E7DA50071DDCF /* MobileCoreServices.framework */; };
		BEA6C2AD1A5E7DAF0071DDCF /* CoreGraphics.framework in Frameworks */ = {isa = PBXBuildFile; fileRef = BEA6C2AC1A5E7DAF0071DDCF /* CoreGraphics.framework */; };
		BEA6C2AF1A5E7DB50071DDCF /* Security.framework in Frameworks */ = {isa = PBXBuildFile; fileRef = BEA6C2AE1A5E7DB50071DDCF /* Security.framework */; };
		BEA6C2B11A5E7DBE0071DDCF /* CoreLocation.framework in Frameworks */ = {isa = PBXBuildFile; fileRef = BEA6C2B01A5E7DBE0071DDCF /* CoreLocation.framework */; };
/* End PBXBuildFile section */

/* Begin PBXContainerItemProxy section */
		BEA6C2891A5E7D380071DDCF /* PBXContainerItemProxy */ = {
			isa = PBXContainerItemProxy;
			containerPortal = BEA6C2671A5E7D380071DDCF /* Project object */;
			proxyType = 1;
			remoteGlobalIDString = BEA6C26E1A5E7D380071DDCF;
			remoteInfo = NewDemo;
		};
/* End PBXContainerItemProxy section */

/* Begin PBXFileReference section */
		BE170B3D1A85D5710021550A /* BmobSDK.framework */ = {isa = PBXFileReference; lastKnownFileType = wrapper.framework; path = BmobSDK.framework; sourceTree = "<group>"; };
		BE613F1E1A7C83250052DA5F /* Test.h */ = {isa = PBXFileReference; fileEncoding = 4; lastKnownFileType = sourcecode.c.h; path = Test.h; sourceTree = "<group>"; };
		BE613F1F1A7C83250052DA5F /* Test.m */ = {isa = PBXFileReference; fileEncoding = 4; lastKnownFileType = sourcecode.c.objc; path = Test.m; sourceTree = "<group>"; };
		BEA6C26F1A5E7D380071DDCF /* NewDemo.app */ = {isa = PBXFileReference; explicitFileType = wrapper.application; includeInIndex = 0; path = NewDemo.app; sourceTree = BUILT_PRODUCTS_DIR; };
		BEA6C2731A5E7D380071DDCF /* Info.plist */ = {isa = PBXFileReference; lastKnownFileType = text.plist.xml; path = Info.plist; sourceTree = "<group>"; };
		BEA6C2741A5E7D380071DDCF /* main.m */ = {isa = PBXFileReference; lastKnownFileType = sourcecode.c.objc; path = main.m; sourceTree = "<group>"; };
		BEA6C2761A5E7D380071DDCF /* AppDelegate.h */ = {isa = PBXFileReference; lastKnownFileType = sourcecode.c.h; path = AppDelegate.h; sourceTree = "<group>"; };
		BEA6C2771A5E7D380071DDCF /* AppDelegate.m */ = {isa = PBXFileReference; lastKnownFileType = sourcecode.c.objc; path = AppDelegate.m; sourceTree = "<group>"; };
		BEA6C2791A5E7D380071DDCF /* ViewController.h */ = {isa = PBXFileReference; lastKnownFileType = sourcecode.c.h; path = ViewController.h; sourceTree = "<group>"; };
		BEA6C27A1A5E7D380071DDCF /* ViewController.m */ = {isa = PBXFileReference; lastKnownFileType = sourcecode.c.objc; path = ViewController.m; sourceTree = "<group>"; };
		BEA6C27D1A5E7D380071DDCF /* Base */ = {isa = PBXFileReference; lastKnownFileType = file.storyboard; name = Base; path = Base.lproj/Main.storyboard; sourceTree = "<group>"; };
		BEA6C27F1A5E7D380071DDCF /* Images.xcassets */ = {isa = PBXFileReference; lastKnownFileType = folder.assetcatalog; path = Images.xcassets; sourceTree = "<group>"; };
		BEA6C2821A5E7D380071DDCF /* Base */ = {isa = PBXFileReference; lastKnownFileType = file.xib; name = Base; path = Base.lproj/LaunchScreen.xib; sourceTree = "<group>"; };
		BEA6C2881A5E7D380071DDCF /* NewDemoTests.xctest */ = {isa = PBXFileReference; explicitFileType = wrapper.cfbundle; includeInIndex = 0; path = NewDemoTests.xctest; sourceTree = BUILT_PRODUCTS_DIR; };
		BEA6C28D1A5E7D380071DDCF /* Info.plist */ = {isa = PBXFileReference; lastKnownFileType = text.plist.xml; path = Info.plist; sourceTree = "<group>"; };
		BEA6C28E1A5E7D380071DDCF /* NewDemoTests.m */ = {isa = PBXFileReference; lastKnownFileType = sourcecode.c.objc; path = NewDemoTests.m; sourceTree = "<group>"; };
		BEA6C2981A5E7D600071DDCF /* Foundation.framework */ = {isa = PBXFileReference; lastKnownFileType = wrapper.framework; name = Foundation.framework; path = System/Library/Frameworks/Foundation.framework; sourceTree = SDKROOT; };
		BEA6C29A1A5E7D660071DDCF /* AVFoundation.framework */ = {isa = PBXFileReference; lastKnownFileType = wrapper.framework; name = AVFoundation.framework; path = System/Library/Frameworks/AVFoundation.framework; sourceTree = SDKROOT; };
		BEA6C29C1A5E7D6C0071DDCF /* MediaPlayer.framework */ = {isa = PBXFileReference; lastKnownFileType = wrapper.framework; name = MediaPlayer.framework; path = System/Library/Frameworks/MediaPlayer.framework; sourceTree = SDKROOT; };
		BEA6C29E1A5E7D730071DDCF /* libsqlite3.dylib */ = {isa = PBXFileReference; lastKnownFileType = "compiled.mach-o.dylib"; name = libsqlite3.dylib; path = usr/lib/libsqlite3.dylib; sourceTree = SDKROOT; };
		BEA6C2A01A5E7D820071DDCF /* libicucore.dylib */ = {isa = PBXFileReference; lastKnownFileType = "compiled.mach-o.dylib"; name = libicucore.dylib; path = usr/lib/libicucore.dylib; sourceTree = SDKROOT; };
		BEA6C2A21A5E7D870071DDCF /* libz.1.2.5.dylib */ = {isa = PBXFileReference; lastKnownFileType = "compiled.mach-o.dylib"; name = libz.1.2.5.dylib; path = usr/lib/libz.1.2.5.dylib; sourceTree = SDKROOT; };
		BEA6C2A41A5E7D8E0071DDCF /* SystemConfiguration.framework */ = {isa = PBXFileReference; lastKnownFileType = wrapper.framework; name = SystemConfiguration.framework; path = System/Library/Frameworks/SystemConfiguration.framework; sourceTree = SDKROOT; };
		BEA6C2A61A5E7D990071DDCF /* CoreTelephony.framework */ = {isa = PBXFileReference; lastKnownFileType = wrapper.framework; name = CoreTelephony.framework; path = System/Library/Frameworks/CoreTelephony.framework; sourceTree = SDKROOT; };
		BEA6C2A81A5E7D9F0071DDCF /* CFNetwork.framework */ = {isa = PBXFileReference; lastKnownFileType = wrapper.framework; name = CFNetwork.framework; path = System/Library/Frameworks/CFNetwork.framework; sourceTree = SDKROOT; };
		BEA6C2AA1A5E7DA50071DDCF /* MobileCoreServices.framework */ = {isa = PBXFileReference; lastKnownFileType = wrapper.framework; name = MobileCoreServices.framework; path = System/Library/Frameworks/MobileCoreServices.framework; sourceTree = SDKROOT; };
		BEA6C2AC1A5E7DAF0071DDCF /* CoreGraphics.framework */ = {isa = PBXFileReference; lastKnownFileType = wrapper.framework; name = CoreGraphics.framework; path = System/Library/Frameworks/CoreGraphics.framework; sourceTree = SDKROOT; };
		BEA6C2AE1A5E7DB50071DDCF /* Security.framework */ = {isa = PBXFileReference; lastKnownFileType = wrapper.framework; name = Security.framework; path = System/Library/Frameworks/Security.framework; sourceTree = SDKROOT; };
		BEA6C2B01A5E7DBE0071DDCF /* CoreLocation.framework */ = {isa = PBXFileReference; lastKnownFileType = wrapper.framework; name = CoreLocation.framework; path = System/Library/Frameworks/CoreLocation.framework; sourceTree = SDKROOT; };
/* End PBXFileReference section */

/* Begin PBXFrameworksBuildPhase section */
		BEA6C26C1A5E7D380071DDCF /* Frameworks */ = {
			isa = PBXFrameworksBuildPhase;
			buildActionMask = 2147483647;
			files = (
				BEA6C2B11A5E7DBE0071DDCF /* CoreLocation.framework in Frameworks */,
				BEA6C2AF1A5E7DB50071DDCF /* Security.framework in Frameworks */,
				BEA6C2AD1A5E7DAF0071DDCF /* CoreGraphics.framework in Frameworks */,
				BEA6C2AB1A5E7DA50071DDCF /* MobileCoreServices.framework in Frameworks */,
				BEA6C2A91A5E7D9F0071DDCF /* CFNetwork.framework in Frameworks */,
				BE170B3E1A85D5710021550A /* BmobSDK.framework in Frameworks */,
				BEA6C2A71A5E7D990071DDCF /* CoreTelephony.framework in Frameworks */,
				BEA6C2A51A5E7D8E0071DDCF /* SystemConfiguration.framework in Frameworks */,
				BEA6C2A31A5E7D870071DDCF /* libz.1.2.5.dylib in Frameworks */,
				BEA6C2A11A5E7D820071DDCF /* libicucore.dylib in Frameworks */,
				BEA6C29F1A5E7D730071DDCF /* libsqlite3.dylib in Frameworks */,
				BEA6C29D1A5E7D6C0071DDCF /* MediaPlayer.framework in Frameworks */,
				BEA6C29B1A5E7D660071DDCF /* AVFoundation.framework in Frameworks */,
				BEA6C2991A5E7D600071DDCF /* Foundation.framework in Frameworks */,
			);
			runOnlyForDeploymentPostprocessing = 0;
		};
		BEA6C2851A5E7D380071DDCF /* Frameworks */ = {
			isa = PBXFrameworksBuildPhase;
			buildActionMask = 2147483647;
			files = (
			);
			runOnlyForDeploymentPostprocessing = 0;
		};
/* End PBXFrameworksBuildPhase section */

/* Begin PBXGroup section */
		BE613F1D1A7C82F20052DA5F /* myBmob */ = {
			isa = PBXGroup;
			children = (
				BE613F1E1A7C83250052DA5F /* Test.h */,
				BE613F1F1A7C83250052DA5F /* Test.m */,
			);
			name = myBmob;
			sourceTree = "<group>";
		};
		BEA6C2661A5E7D380071DDCF = {
			isa = PBXGroup;
			children = (
				BEA6C2B01A5E7DBE0071DDCF /* CoreLocation.framework */,
				BEA6C2AE1A5E7DB50071DDCF /* Security.framework */,
				BEA6C2AC1A5E7DAF0071DDCF /* CoreGraphics.framework */,
				BEA6C2AA1A5E7DA50071DDCF /* MobileCoreServices.framework */,
				BEA6C2A81A5E7D9F0071DDCF /* CFNetwork.framework */,
				BEA6C2A61A5E7D990071DDCF /* CoreTelephony.framework */,
				BEA6C2A41A5E7D8E0071DDCF /* SystemConfiguration.framework */,
				BEA6C2A21A5E7D870071DDCF /* libz.1.2.5.dylib */,
				BEA6C2A01A5E7D820071DDCF /* libicucore.dylib */,
				BEA6C29E1A5E7D730071DDCF /* libsqlite3.dylib */,
				BEA6C29C1A5E7D6C0071DDCF /* MediaPlayer.framework */,
				BEA6C29A1A5E7D660071DDCF /* AVFoundation.framework */,
				BEA6C2981A5E7D600071DDCF /* Foundation.framework */,
				BEA6C2711A5E7D380071DDCF /* NewDemo */,
				BEA6C28B1A5E7D380071DDCF /* NewDemoTests */,
				BEA6C2701A5E7D380071DDCF /* Products */,
			);
			sourceTree = "<group>";
		};
		BEA6C2701A5E7D380071DDCF /* Products */ = {
			isa = PBXGroup;
			children = (
				BEA6C26F1A5E7D380071DDCF /* NewDemo.app */,
				BEA6C2881A5E7D380071DDCF /* NewDemoTests.xctest */,
			);
			name = Products;
			sourceTree = "<group>";
		};
		BEA6C2711A5E7D380071DDCF /* NewDemo */ = {
			isa = PBXGroup;
			children = (
				BE613F1D1A7C82F20052DA5F /* myBmob */,
				BEA6C2761A5E7D380071DDCF /* AppDelegate.h */,
				BEA6C2771A5E7D380071DDCF /* AppDelegate.m */,
				BEA6C2791A5E7D380071DDCF /* ViewController.h */,
				BEA6C27A1A5E7D380071DDCF /* ViewController.m */,
				BEA6C27C1A5E7D380071DDCF /* Main.storyboard */,
				BEA6C27F1A5E7D380071DDCF /* Images.xcassets */,
				BEA6C2811A5E7D380071DDCF /* LaunchScreen.xib */,
				BEA6C2721A5E7D380071DDCF /* Supporting Files */,
			);
			path = NewDemo;
			sourceTree = "<group>";
		};
		BEA6C2721A5E7D380071DDCF /* Supporting Files */ = {
			isa = PBXGroup;
			children = (
				BE170B3D1A85D5710021550A /* BmobSDK.framework */,
				BEA6C2731A5E7D380071DDCF /* Info.plist */,
				BEA6C2741A5E7D380071DDCF /* main.m */,
			);
			name = "Supporting Files";
			sourceTree = "<group>";
		};
		BEA6C28B1A5E7D380071DDCF /* NewDemoTests */ = {
			isa = PBXGroup;
			children = (
				BEA6C28E1A5E7D380071DDCF /* NewDemoTests.m */,
				BEA6C28C1A5E7D380071DDCF /* Supporting Files */,
			);
			path = NewDemoTests;
			sourceTree = "<group>";
		};
		BEA6C28C1A5E7D380071DDCF /* Supporting Files */ = {
			isa = PBXGroup;
			children = (
				BEA6C28D1A5E7D380071DDCF /* Info.plist */,
			);
			name = "Supporting Files";
			sourceTree = "<group>";
		};
/* End PBXGroup section */

/* Begin PBXNativeTarget section */
		BEA6C26E1A5E7D380071DDCF /* NewDemo */ = {
			isa = PBXNativeTarget;
			buildConfigurationList = BEA6C2921A5E7D380071DDCF /* Build configuration list for PBXNativeTarget "NewDemo" */;
			buildPhases = (
				BEA6C26B1A5E7D380071DDCF /* Sources */,
				BEA6C26C1A5E7D380071DDCF /* Frameworks */,
				BEA6C26D1A5E7D380071DDCF /* Resources */,
			);
			buildRules = (
			);
			dependencies = (
			);
			name = NewDemo;
			productName = NewDemo;
			productReference = BEA6C26F1A5E7D380071DDCF /* NewDemo.app */;
			productType = "com.apple.product-type.application";
		};
		BEA6C2871A5E7D380071DDCF /* NewDemoTests */ = {
			isa = PBXNativeTarget;
			buildConfigurationList = BEA6C2951A5E7D380071DDCF /* Build configuration list for PBXNativeTarget "NewDemoTests" */;
			buildPhases = (
				BEA6C2841A5E7D380071DDCF /* Sources */,
				BEA6C2851A5E7D380071DDCF /* Frameworks */,
				BEA6C2861A5E7D380071DDCF /* Resources */,
			);
			buildRules = (
			);
			dependencies = (
				BEA6C28A1A5E7D380071DDCF /* PBXTargetDependency */,
			);
			name = NewDemoTests;
			productName = NewDemoTests;
			productReference = BEA6C2881A5E7D380071DDCF /* NewDemoTests.xctest */;
			productType = "com.apple.product-type.bundle.unit-test";
		};
/* End PBXNativeTarget section */

/* Begin PBXProject section */
		BEA6C2671A5E7D380071DDCF /* Project object */ = {
			isa = PBXProject;
			attributes = {
				LastUpgradeCheck = 0610;
				ORGANIZATIONNAME = bmob;
				TargetAttributes = {
					BEA6C26E1A5E7D380071DDCF = {
						CreatedOnToolsVersion = 6.1;
					};
					BEA6C2871A5E7D380071DDCF = {
						CreatedOnToolsVersion = 6.1;
						TestTargetID = BEA6C26E1A5E7D380071DDCF;
					};
				};
			};
			buildConfigurationList = BEA6C26A1A5E7D380071DDCF /* Build configuration list for PBXProject "NewDemo" */;
			compatibilityVersion = "Xcode 3.2";
			developmentRegion = English;
			hasScannedForEncodings = 0;
			knownRegions = (
				en,
				Base,
			);
			mainGroup = BEA6C2661A5E7D380071DDCF;
			productRefGroup = BEA6C2701A5E7D380071DDCF /* Products */;
			projectDirPath = "";
			projectRoot = "";
			targets = (
				BEA6C26E1A5E7D380071DDCF /* NewDemo */,
				BEA6C2871A5E7D380071DDCF /* NewDemoTests */,
			);
		};
/* End PBXProject section */

/* Begin PBXResourcesBuildPhase section */
		BEA6C26D1A5E7D380071DDCF /* Resources */ = {
			isa = PBXResourcesBuildPhase;
			buildActionMask = 2147483647;
			files = (
				BEA6C27E1A5E7D380071DDCF /* Main.storyboard in Resources */,
				BEA6C2831A5E7D380071DDCF /* LaunchScreen.xib in Resources */,
				BEA6C2801A5E7D380071DDCF /* Images.xcassets in Resources */,
			);
			runOnlyForDeploymentPostprocessing = 0;
		};
		BEA6C2861A5E7D380071DDCF /* Resources */ = {
			isa = PBXResourcesBuildPhase;
			buildActionMask = 2147483647;
			files = (
			);
			runOnlyForDeploymentPostprocessing = 0;
		};
/* End PBXResourcesBuildPhase section */

/* Begin PBXSourcesBuildPhase section */
		BEA6C26B1A5E7D380071DDCF /* Sources */ = {
			isa = PBXSourcesBuildPhase;
			buildActionMask = 2147483647;
			files = (
				BEA6C27B1A5E7D380071DDCF /* ViewController.m in Sources */,
				BE613F201A7C83250052DA5F /* Test.m in Sources */,
				BEA6C2781A5E7D380071DDCF /* AppDelegate.m in Sources */,
				BEA6C2751A5E7D380071DDCF /* main.m in Sources */,
			);
			runOnlyForDeploymentPostprocessing = 0;
		};
		BEA6C2841A5E7D380071DDCF /* Sources */ = {
			isa = PBXSourcesBuildPhase;
			buildActionMask = 2147483647;
			files = (
				BEA6C28F1A5E7D380071DDCF /* NewDemoTests.m in Sources */,
			);
			runOnlyForDeploymentPostprocessing = 0;
		};
/* End PBXSourcesBuildPhase section */

/* Begin PBXTargetDependency section */
		BEA6C28A1A5E7D380071DDCF /* PBXTargetDependency */ = {
			isa = PBXTargetDependency;
			target = BEA6C26E1A5E7D380071DDCF /* NewDemo */;
			targetProxy = BEA6C2891A5E7D380071DDCF /* PBXContainerItemProxy */;
		};
/* End PBXTargetDependency section */

/* Begin PBXVariantGroup section */
		BEA6C27C1A5E7D380071DDCF /* Main.storyboard */ = {
			isa = PBXVariantGroup;
			children = (
				BEA6C27D1A5E7D380071DDCF /* Base */,
			);
			name = Main.storyboard;
			sourceTree = "<group>";
		};
		BEA6C2811A5E7D380071DDCF /* LaunchScreen.xib */ = {
			isa = PBXVariantGroup;
			children = (
				BEA6C2821A5E7D380071DDCF /* Base */,
			);
			name = LaunchScreen.xib;
			sourceTree = "<group>";
		};
/* End PBXVariantGroup section */

/* Begin XCBuildConfiguration section */
		BEA6C2901A5E7D380071DDCF /* Debug */ = {
			isa = XCBuildConfiguration;
			buildSettings = {
				ALWAYS_SEARCH_USER_PATHS = NO;
				CLANG_CXX_LANGUAGE_STANDARD = "gnu++0x";
				CLANG_CXX_LIBRARY = "libc++";
				CLANG_ENABLE_MODULES = YES;
				CLANG_ENABLE_OBJC_ARC = YES;
				CLANG_WARN_BOOL_CONVERSION = YES;
				CLANG_WARN_CONSTANT_CONVERSION = YES;
				CLANG_WARN_DIRECT_OBJC_ISA_USAGE = YES_ERROR;
				CLANG_WARN_EMPTY_BODY = YES;
				CLANG_WARN_ENUM_CONVERSION = YES;
				CLANG_WARN_INT_CONVERSION = YES;
				CLANG_WARN_OBJC_ROOT_CLASS = YES_ERROR;
				CLANG_WARN_UNREACHABLE_CODE = YES;
				CLANG_WARN__DUPLICATE_METHOD_MATCH = YES;
				"CODE_SIGN_IDENTITY[sdk=iphoneos*]" = "iPhone Developer";
				COPY_PHASE_STRIP = NO;
				ENABLE_STRICT_OBJC_MSGSEND = YES;
				GCC_C_LANGUAGE_STANDARD = gnu99;
				GCC_DYNAMIC_NO_PIC = NO;
				GCC_OPTIMIZATION_LEVEL = 0;
				GCC_PREPROCESSOR_DEFINITIONS = (
					"DEBUG=1",
					"$(inherited)",
				);
				GCC_SYMBOLS_PRIVATE_EXTERN = NO;
				GCC_WARN_64_TO_32_BIT_CONVERSION = YES;
				GCC_WARN_ABOUT_RETURN_TYPE = YES_ERROR;
				GCC_WARN_UNDECLARED_SELECTOR = YES;
				GCC_WARN_UNINITIALIZED_AUTOS = YES_AGGRESSIVE;
				GCC_WARN_UNUSED_FUNCTION = YES;
				GCC_WARN_UNUSED_VARIABLE = YES;
				IPHONEOS_DEPLOYMENT_TARGET = 7.0;
				MTL_ENABLE_DEBUG_INFO = YES;
				ONLY_ACTIVE_ARCH = YES;
				SDKROOT = iphoneos;
			};
			name = Debug;
		};
		BEA6C2911A5E7D380071DDCF /* Release */ = {
			isa = XCBuildConfiguration;
			buildSettings = {
				ALWAYS_SEARCH_USER_PATHS = NO;
				CLANG_CXX_LANGUAGE_STANDARD = "gnu++0x";
				CLANG_CXX_LIBRARY = "libc++";
				CLANG_ENABLE_MODULES = YES;
				CLANG_ENABLE_OBJC_ARC = YES;
				CLANG_WARN_BOOL_CONVERSION = YES;
				CLANG_WARN_CONSTANT_CONVERSION = YES;
				CLANG_WARN_DIRECT_OBJC_ISA_USAGE = YES_ERROR;
				CLANG_WARN_EMPTY_BODY = YES;
				CLANG_WARN_ENUM_CONVERSION = YES;
				CLANG_WARN_INT_CONVERSION = YES;
				CLANG_WARN_OBJC_ROOT_CLASS = YES_ERROR;
				CLANG_WARN_UNREACHABLE_CODE = YES;
				CLANG_WARN__DUPLICATE_METHOD_MATCH = YES;
				"CODE_SIGN_IDENTITY[sdk=iphoneos*]" = "iPhone Developer";
				COPY_PHASE_STRIP = YES;
				ENABLE_NS_ASSERTIONS = NO;
				ENABLE_STRICT_OBJC_MSGSEND = YES;
				GCC_C_LANGUAGE_STANDARD = gnu99;
				GCC_WARN_64_TO_32_BIT_CONVERSION = YES;
				GCC_WARN_ABOUT_RETURN_TYPE = YES_ERROR;
				GCC_WARN_UNDECLARED_SELECTOR = YES;
				GCC_WARN_UNINITIALIZED_AUTOS = YES_AGGRESSIVE;
				GCC_WARN_UNUSED_FUNCTION = YES;
				GCC_WARN_UNUSED_VARIABLE = YES;
				IPHONEOS_DEPLOYMENT_TARGET = 7.0;
				MTL_ENABLE_DEBUG_INFO = NO;
				SDKROOT = iphoneos;
				VALIDATE_PRODUCT = YES;
			};
			name = Release;
		};
		BEA6C2931A5E7D380071DDCF /* Debug */ = {
			isa = XCBuildConfiguration;
			buildSettings = {
				ASSETCATALOG_COMPILER_APPICON_NAME = AppIcon;
				FRAMEWORK_SEARCH_PATHS = (
					"$(inherited)",
					"$(PROJECT_DIR)/NewDemo",
				);
				INFOPLIST_FILE = NewDemo/Info.plist;
				LD_RUNPATH_SEARCH_PATHS = "$(inherited) @executable_path/Frameworks";
				PRODUCT_NAME = "$(TARGET_NAME)";
			};
			name = Debug;
		};
		BEA6C2941A5E7D380071DDCF /* Release */ = {
			isa = XCBuildConfiguration;
			buildSettings = {
				ASSETCATALOG_COMPILER_APPICON_NAME = AppIcon;
				FRAMEWORK_SEARCH_PATHS = (
					"$(inherited)",
					"$(PROJECT_DIR)/NewDemo",
				);
				INFOPLIST_FILE = NewDemo/Info.plist;
				LD_RUNPATH_SEARCH_PATHS = "$(inherited) @executable_path/Frameworks";
				PRODUCT_NAME = "$(TARGET_NAME)";
			};
			name = Release;
		};
		BEA6C2961A5E7D380071DDCF /* Debug */ = {
			isa = XCBuildConfiguration;
			buildSettings = {
				BUNDLE_LOADER = "$(TEST_HOST)";
				FRAMEWORK_SEARCH_PATHS = (
					"$(SDKROOT)/Developer/Library/Frameworks",
					"$(inherited)",
				);
				GCC_PREPROCESSOR_DEFINITIONS = (
					"DEBUG=1",
					"$(inherited)",
				);
				INFOPLIST_FILE = NewDemoTests/Info.plist;
				LD_RUNPATH_SEARCH_PATHS = "$(inherited) @executable_path/Frameworks @loader_path/Frameworks";
				PRODUCT_NAME = "$(TARGET_NAME)";
				TEST_HOST = "$(BUILT_PRODUCTS_DIR)/NewDemo.app/NewDemo";
			};
			name = Debug;
		};
		BEA6C2971A5E7D380071DDCF /* Release */ = {
			isa = XCBuildConfiguration;
			buildSettings = {
				BUNDLE_LOADER = "$(TEST_HOST)";
				FRAMEWORK_SEARCH_PATHS = (
					"$(SDKROOT)/Developer/Library/Frameworks",
					"$(inherited)",
				);
				INFOPLIST_FILE = NewDemoTests/Info.plist;
				LD_RUNPATH_SEARCH_PATHS = "$(inherited) @executable_path/Frameworks @loader_path/Frameworks";
				PRODUCT_NAME = "$(TARGET_NAME)";
				TEST_HOST = "$(BUILT_PRODUCTS_DIR)/NewDemo.app/NewDemo";
			};
			name = Release;
		};
/* End XCBuildConfiguration section */

/* Begin XCConfigurationList section */
		BEA6C26A1A5E7D380071DDCF /* Build configuration list for PBXProject "NewDemo" */ = {
			isa = XCConfigurationList;
			buildConfigurations = (
				BEA6C2901A5E7D380071DDCF /* Debug */,
				BEA6C2911A5E7D380071DDCF /* Release */,
			);
			defaultConfigurationIsVisible = 0;
			defaultConfigurationName = Release;
		};
		BEA6C2921A5E7D380071DDCF /* Build configuration list for PBXNativeTarget "NewDemo" */ = {
			isa = XCConfigurationList;
			buildConfigurations = (
				BEA6C2931A5E7D380071DDCF /* Debug */,
				BEA6C2941A5E7D380071DDCF /* Release */,
			);
			defaultConfigurationIsVisible = 0;
			defaultConfigurationName = Release;
		};
		BEA6C2951A5E7D380071DDCF /* Build configuration list for PBXNativeTarget "NewDemoTests" */ = {
			isa = XCConfigurationList;
			buildConfigurations = (
				BEA6C2961A5E7D380071DDCF /* Debug */,
				BEA6C2971A5E7D380071DDCF /* Release */,
			);
			defaultConfigurationIsVisible = 0;
			defaultConfigurationName = Release;
		};
/* End XCConfigurationList section */
	};
	rootObject = BEA6C2671A5E7D380071DDCF /* Project object */;
}
