// !$*UTF8*$!
{
	archiveVersion = 1;
	classes = {
	};
	objectVersion = 46;
	objects = {

/* Begin PBXBuildFile section */
		DA041A5B1AF86E1E00BE5671 /* main.m in Sources */ = {isa = PBXBuildFile; fileRef = DA041A5A1AF86E1E00BE5671 /* main.m */; };
		DA041A5E1AF86E1E00BE5671 /* AppDelegate.m in Sources */ = {isa = PBXBuildFile; fileRef = DA041A5D1AF86E1E00BE5671 /* AppDelegate.m */; };
		DA041A611AF86E1E00BE5671 /* ViewController.m in Sources */ = {isa = PBXBuildFile; fileRef = DA041A601AF86E1E00BE5671 /* ViewController.m */; };
		DA041A641AF86E1E00BE5671 /* Main.storyboard in Resources */ = {isa = PBXBuildFile; fileRef = DA041A621AF86E1E00BE5671 /* Main.storyboard */; };
		DA041A661AF86E1E00BE5671 /* Images.xcassets in Resources */ = {isa = PBXBuildFile; fileRef = DA041A651AF86E1E00BE5671 /* Images.xcassets */; };
		DA041A691AF86E1E00BE5671 /* LaunchScreen.xib in Resources */ = {isa = PBXBuildFile; fileRef = DA041A671AF86E1E00BE5671 /* LaunchScreen.xib */; };
		DA041A751AF86E1E00BE5671 /* BmobPushDemoTests.m in Sources */ = {isa = PBXBuildFile; fileRef = DA041A741AF86E1E00BE5671 /* BmobPushDemoTests.m */; };
		DA45B0001AF86EB20017E116 /* BmobSDK.framework in Frameworks */ = {isa = PBXBuildFile; fileRef = DA45AFFF1AF86EB20017E116 /* BmobSDK.framework */; };
		DA84D7B01AF8EBE000790E8D /* MediaPlayer.framework in Frameworks */ = {isa = PBXBuildFile; fileRef = DA84D7A41AF8EBE000790E8D /* MediaPlayer.framework */; };
		DA84D7B11AF8EBE000790E8D /* AVFoundation.framework in Frameworks */ = {isa = PBXBuildFile; fileRef = DA84D7A51AF8EBE000790E8D /* AVFoundation.framework */; };
		DA84D7B21AF8EBE000790E8D /* libsqlite3.dylib in Frameworks */ = {isa = PBXBuildFile; fileRef = DA84D7A61AF8EBE000790E8D /* libsqlite3.dylib */; };
		DA84D7B31AF8EBE000790E8D /* libicucore.dylib in Frameworks */ = {isa = PBXBuildFile; fileRef = DA84D7A71AF8EBE000790E8D /* libicucore.dylib */; };
		DA84D7B41AF8EBE000790E8D /* libz.1.2.5.dylib in Frameworks */ = {isa = PBXBuildFile; fileRef = DA84D7A81AF8EBE000790E8D /* libz.1.2.5.dylib */; };
		DA84D7B51AF8EBE000790E8D /* SystemConfiguration.framework in Frameworks */ = {isa = PBXBuildFile; fileRef = DA84D7A91AF8EBE000790E8D /* SystemConfiguration.framework */; };
		DA84D7B61AF8EBE000790E8D /* CoreTelephony.framework in Frameworks */ = {isa = PBXBuildFile; fileRef = DA84D7AA1AF8EBE000790E8D /* CoreTelephony.framework */; };
		DA84D7B71AF8EBE000790E8D /* CFNetwork.framework in Frameworks */ = {isa = PBXBuildFile; fileRef = DA84D7AB1AF8EBE000790E8D /* CFNetwork.framework */; };
		DA84D7B81AF8EBE000790E8D /* MobileCoreServices.framework in Frameworks */ = {isa = PBXBuildFile; fileRef = DA84D7AC1AF8EBE000790E8D /* MobileCoreServices.framework */; };
		DA84D7B91AF8EBE000790E8D /* CoreGraphics.framework in Frameworks */ = {isa = PBXBuildFile; fileRef = DA84D7AD1AF8EBE000790E8D /* CoreGraphics.framework */; };
		DA84D7BA1AF8EBE000790E8D /* Security.framework in Frameworks */ = {isa = PBXBuildFile; fileRef = DA84D7AE1AF8EBE000790E8D /* Security.framework */; };
		DA84D7BB1AF8EBE000790E8D /* CoreLocation.framework in Frameworks */ = {isa = PBXBuildFile; fileRef = DA84D7AF1AF8EBE000790E8D /* CoreLocation.framework */; };
/* End PBXBuildFile section */

/* Begin PBXContainerItemProxy section */
		DA041A6F1AF86E1E00BE5671 /* PBXContainerItemProxy */ = {
			isa = PBXContainerItemProxy;
			containerPortal = DA041A4D1AF86E1E00BE5671 /* Project object */;
			proxyType = 1;
			remoteGlobalIDString = DA041A541AF86E1E00BE5671;
			remoteInfo = BmobPushDemo;
		};
/* End PBXContainerItemProxy section */

/* Begin PBXFileReference section */
		DA041A551AF86E1E00BE5671 /* BmobPushDemo.app */ = {isa = PBXFileReference; explicitFileType = wrapper.application; includeInIndex = 0; path = BmobPushDemo.app; sourceTree = BUILT_PRODUCTS_DIR; };
		DA041A591AF86E1E00BE5671 /* Info.plist */ = {isa = PBXFileReference; lastKnownFileType = text.plist.xml; path = Info.plist; sourceTree = "<group>"; };
		DA041A5A1AF86E1E00BE5671 /* main.m */ = {isa = PBXFileReference; lastKnownFileType = sourcecode.c.objc; path = main.m; sourceTree = "<group>"; };
		DA041A5C1AF86E1E00BE5671 /* AppDelegate.h */ = {isa = PBXFileReference; lastKnownFileType = sourcecode.c.h; path = AppDelegate.h; sourceTree = "<group>"; };
		DA041A5D1AF86E1E00BE5671 /* AppDelegate.m */ = {isa = PBXFileReference; lastKnownFileType = sourcecode.c.objc; path = AppDelegate.m; sourceTree = "<group>"; };
		DA041A5F1AF86E1E00BE5671 /* ViewController.h */ = {isa = PBXFileReference; lastKnownFileType = sourcecode.c.h; path = ViewController.h; sourceTree = "<group>"; };
		DA041A601AF86E1E00BE5671 /* ViewController.m */ = {isa = PBXFileReference; lastKnownFileType = sourcecode.c.objc; path = ViewController.m; sourceTree = "<group>"; };
		DA041A631AF86E1E00BE5671 /* Base */ = {isa = PBXFileReference; lastKnownFileType = file.storyboard; name = Base; path = Base.lproj/Main.storyboard; sourceTree = "<group>"; };
		DA041A651AF86E1E00BE5671 /* Images.xcassets */ = {isa = PBXFileReference; lastKnownFileType = folder.assetcatalog; path = Images.xcassets; sourceTree = "<group>"; };
		DA041A681AF86E1E00BE5671 /* Base */ = {isa = PBXFileReference; lastKnownFileType = file.xib; name = Base; path = Base.lproj/LaunchScreen.xib; sourceTree = "<group>"; };
		DA041A6E1AF86E1E00BE5671 /* BmobPushDemoTests.xctest */ = {isa = PBXFileReference; explicitFileType = wrapper.cfbundle; includeInIndex = 0; path = BmobPushDemoTests.xctest; sourceTree = BUILT_PRODUCTS_DIR; };
		DA041A731AF86E1E00BE5671 /* Info.plist */ = {isa = PBXFileReference; lastKnownFileType = text.plist.xml; path = Info.plist; sourceTree = "<group>"; };
		DA041A741AF86E1E00BE5671 /* BmobPushDemoTests.m */ = {isa = PBXFileReference; lastKnownFileType = sourcecode.c.objc; path = BmobPushDemoTests.m; sourceTree = "<group>"; };
		DA45AFFF1AF86EB20017E116 /* BmobSDK.framework */ = {isa = PBXFileReference; lastKnownFileType = wrapper.framework; path = BmobSDK.framework; sourceTree = "<group>"; };
		DA84D7A41AF8EBE000790E8D /* MediaPlayer.framework */ = {isa = PBXFileReference; lastKnownFileType = wrapper.framework; name = MediaPlayer.framework; path = System/Library/Frameworks/MediaPlayer.framework; sourceTree = SDKROOT; };
		DA84D7A51AF8EBE000790E8D /* AVFoundation.framework */ = {isa = PBXFileReference; lastKnownFileType = wrapper.framework; name = AVFoundation.framework; path = System/Library/Frameworks/AVFoundation.framework; sourceTree = SDKROOT; };
		DA84D7A61AF8EBE000790E8D /* libsqlite3.dylib */ = {isa = PBXFileReference; lastKnownFileType = "compiled.mach-o.dylib"; name = libsqlite3.dylib; path = usr/lib/libsqlite3.dylib; sourceTree = SDKROOT; };
		DA84D7A71AF8EBE000790E8D /* libicucore.dylib */ = {isa = PBXFileReference; lastKnownFileType = "compiled.mach-o.dylib"; name = libicucore.dylib; path = usr/lib/libicucore.dylib; sourceTree = SDKROOT; };
		DA84D7A81AF8EBE000790E8D /* libz.1.2.5.dylib */ = {isa = PBXFileReference; lastKnownFileType = "compiled.mach-o.dylib"; name = libz.1.2.5.dylib; path = usr/lib/libz.1.2.5.dylib; sourceTree = SDKROOT; };
		DA84D7A91AF8EBE000790E8D /* SystemConfiguration.framework */ = {isa = PBXFileReference; lastKnownFileType = wrapper.framework; name = SystemConfiguration.framework; path = System/Library/Frameworks/SystemConfiguration.framework; sourceTree = SDKROOT; };
		DA84D7AA1AF8EBE000790E8D /* CoreTelephony.framework */ = {isa = PBXFileReference; lastKnownFileType = wrapper.framework; name = CoreTelephony.framework; path = System/Library/Frameworks/CoreTelephony.framework; sourceTree = SDKROOT; };
		DA84D7AB1AF8EBE000790E8D /* CFNetwork.framework */ = {isa = PBXFileReference; lastKnownFileType = wrapper.framework; name = CFNetwork.framework; path = System/Library/Frameworks/CFNetwork.framework; sourceTree = SDKROOT; };
		DA84D7AC1AF8EBE000790E8D /* MobileCoreServices.framework */ = {isa = PBXFileReference; lastKnownFileType = wrapper.framework; name = MobileCoreServices.framework; path = System/Library/Frameworks/MobileCoreServices.framework; sourceTree = SDKROOT; };
		DA84D7AD1AF8EBE000790E8D /* CoreGraphics.framework */ = {isa = PBXFileReference; lastKnownFileType = wrapper.framework; name = CoreGraphics.framework; path = System/Library/Frameworks/CoreGraphics.framework; sourceTree = SDKROOT; };
		DA84D7AE1AF8EBE000790E8D /* Security.framework */ = {isa = PBXFileReference; lastKnownFileType = wrapper.framework; name = Security.framework; path = System/Library/Frameworks/Security.framework; sourceTree = SDKROOT; };
		DA84D7AF1AF8EBE000790E8D /* CoreLocation.framework */ = {isa = PBXFileReference; lastKnownFileType = wrapper.framework; name = CoreLocation.framework; path = System/Library/Frameworks/CoreLocation.framework; sourceTree = SDKROOT; };
/* End PBXFileReference section */

/* Begin PBXFrameworksBuildPhase section */
		DA041A521AF86E1E00BE5671 /* Frameworks */ = {
			isa = PBXFrameworksBuildPhase;
			buildActionMask = 2147483647;
			files = (
				DA84D7B71AF8EBE000790E8D /* CFNetwork.framework in Frameworks */,
				DA84D7B01AF8EBE000790E8D /* MediaPlayer.framework in Frameworks */,
				DA84D7BB1AF8EBE000790E8D /* CoreLocation.framework in Frameworks */,
				DA84D7B51AF8EBE000790E8D /* SystemConfiguration.framework in Frameworks */,
				DA84D7B81AF8EBE000790E8D /* MobileCoreServices.framework in Frameworks */,
				DA45B0001AF86EB20017E116 /* BmobSDK.framework in Frameworks */,
				DA84D7B21AF8EBE000790E8D /* libsqlite3.dylib in Frameworks */,
				DA84D7B61AF8EBE000790E8D /* CoreTelephony.framework in Frameworks */,
				DA84D7B41AF8EBE000790E8D /* libz.1.2.5.dylib in Frameworks */,
				DA84D7B11AF8EBE000790E8D /* AVFoundation.framework in Frameworks */,
				DA84D7B91AF8EBE000790E8D /* CoreGraphics.framework in Frameworks */,
				DA84D7BA1AF8EBE000790E8D /* Security.framework in Frameworks */,
				DA84D7B31AF8EBE000790E8D /* libicucore.dylib in Frameworks */,
			);
			runOnlyForDeploymentPostprocessing = 0;
		};
		DA041A6B1AF86E1E00BE5671 /* Frameworks */ = {
			isa = PBXFrameworksBuildPhase;
			buildActionMask = 2147483647;
			files = (
			);
			runOnlyForDeploymentPostprocessing = 0;
		};
/* End PBXFrameworksBuildPhase section */

/* Begin PBXGroup section */
		DA041A4C1AF86E1E00BE5671 = {
			isa = PBXGroup;
			children = (
				DA041A571AF86E1E00BE5671 /* BmobPushDemo */,
				DA041A711AF86E1E00BE5671 /* BmobPushDemoTests */,
				DA041A561AF86E1E00BE5671 /* Products */,
			);
			sourceTree = "<group>";
		};
		DA041A561AF86E1E00BE5671 /* Products */ = {
			isa = PBXGroup;
			children = (
				DA041A551AF86E1E00BE5671 /* BmobPushDemo.app */,
				DA041A6E1AF86E1E00BE5671 /* BmobPushDemoTests.xctest */,
			);
			name = Products;
			sourceTree = "<group>";
		};
		DA041A571AF86E1E00BE5671 /* BmobPushDemo */ = {
			isa = PBXGroup;
			children = (
				DA041A5C1AF86E1E00BE5671 /* AppDelegate.h */,
				DA041A5D1AF86E1E00BE5671 /* AppDelegate.m */,
				DA041A5F1AF86E1E00BE5671 /* ViewController.h */,
				DA041A601AF86E1E00BE5671 /* ViewController.m */,
				DA041A621AF86E1E00BE5671 /* Main.storyboard */,
				DA041A651AF86E1E00BE5671 /* Images.xcassets */,
				DA041A671AF86E1E00BE5671 /* LaunchScreen.xib */,
				DA041A581AF86E1E00BE5671 /* Supporting Files */,
			);
			path = BmobPushDemo;
			sourceTree = "<group>";
		};
		DA041A581AF86E1E00BE5671 /* Supporting Files */ = {
			isa = PBXGroup;
			children = (
				DA84D7A41AF8EBE000790E8D /* MediaPlayer.framework */,
				DA84D7A51AF8EBE000790E8D /* AVFoundation.framework */,
				DA84D7A61AF8EBE000790E8D /* libsqlite3.dylib */,
				DA84D7A71AF8EBE000790E8D /* libicucore.dylib */,
				DA84D7A81AF8EBE000790E8D /* libz.1.2.5.dylib */,
				DA84D7A91AF8EBE000790E8D /* SystemConfiguration.framework */,
				DA84D7AA1AF8EBE000790E8D /* CoreTelephony.framework */,
				DA84D7AB1AF8EBE000790E8D /* CFNetwork.framework */,
				DA84D7AC1AF8EBE000790E8D /* MobileCoreServices.framework */,
				DA84D7AD1AF8EBE000790E8D /* CoreGraphics.framework */,
				DA84D7AE1AF8EBE000790E8D /* Security.framework */,
				DA84D7AF1AF8EBE000790E8D /* CoreLocation.framework */,
				DA45AFFF1AF86EB20017E116 /* BmobSDK.framework */,
				DA041A591AF86E1E00BE5671 /* Info.plist */,
				DA041A5A1AF86E1E00BE5671 /* main.m */,
			);
			name = "Supporting Files";
			sourceTree = "<group>";
		};
		DA041A711AF86E1E00BE5671 /* BmobPushDemoTests */ = {
			isa = PBXGroup;
			children = (
				DA041A741AF86E1E00BE5671 /* BmobPushDemoTests.m */,
				DA041A721AF86E1E00BE5671 /* Supporting Files */,
			);
			path = BmobPushDemoTests;
			sourceTree = "<group>";
		};
		DA041A721AF86E1E00BE5671 /* Supporting Files */ = {
			isa = PBXGroup;
			children = (
				DA041A731AF86E1E00BE5671 /* Info.plist */,
			);
			name = "Supporting Files";
			sourceTree = "<group>";
		};
/* End PBXGroup section */

/* Begin PBXNativeTarget section */
		DA041A541AF86E1E00BE5671 /* BmobPushDemo */ = {
			isa = PBXNativeTarget;
			buildConfigurationList = DA041A781AF86E1E00BE5671 /* Build configuration list for PBXNativeTarget "BmobPushDemo" */;
			buildPhases = (
				DA041A511AF86E1E00BE5671 /* Sources */,
				DA041A521AF86E1E00BE5671 /* Frameworks */,
				DA041A531AF86E1E00BE5671 /* Resources */,
			);
			buildRules = (
			);
			dependencies = (
			);
			name = BmobPushDemo;
			productName = BmobPushDemo;
			productReference = DA041A551AF86E1E00BE5671 /* BmobPushDemo.app */;
			productType = "com.apple.product-type.application";
		};
		DA041A6D1AF86E1E00BE5671 /* BmobPushDemoTests */ = {
			isa = PBXNativeTarget;
			buildConfigurationList = DA041A7B1AF86E1E00BE5671 /* Build configuration list for PBXNativeTarget "BmobPushDemoTests" */;
			buildPhases = (
				DA041A6A1AF86E1E00BE5671 /* Sources */,
				DA041A6B1AF86E1E00BE5671 /* Frameworks */,
				DA041A6C1AF86E1E00BE5671 /* Resources */,
			);
			buildRules = (
			);
			dependencies = (
				DA041A701AF86E1E00BE5671 /* PBXTargetDependency */,
			);
			name = BmobPushDemoTests;
			productName = BmobPushDemoTests;
			productReference = DA041A6E1AF86E1E00BE5671 /* BmobPushDemoTests.xctest */;
			productType = "com.apple.product-type.bundle.unit-test";
		};
/* End PBXNativeTarget section */

/* Begin PBXProject section */
		DA041A4D1AF86E1E00BE5671 /* Project object */ = {
			isa = PBXProject;
			attributes = {
				LastUpgradeCheck = 0630;
				ORGANIZATIONNAME = Bmob;
				TargetAttributes = {
					DA041A541AF86E1E00BE5671 = {
						CreatedOnToolsVersion = 6.3;
						DevelopmentTeam = ZVBJ5UPUFX;
					};
					DA041A6D1AF86E1E00BE5671 = {
						CreatedOnToolsVersion = 6.3;
						TestTargetID = DA041A541AF86E1E00BE5671;
					};
				};
			};
			buildConfigurationList = DA041A501AF86E1E00BE5671 /* Build configuration list for PBXProject "BmobPushDemo" */;
			compatibilityVersion = "Xcode 3.2";
			developmentRegion = English;
			hasScannedForEncodings = 0;
			knownRegions = (
				en,
				Base,
			);
			mainGroup = DA041A4C1AF86E1E00BE5671;
			productRefGroup = DA041A561AF86E1E00BE5671 /* Products */;
			projectDirPath = "";
			projectRoot = "";
			targets = (
				DA041A541AF86E1E00BE5671 /* BmobPushDemo */,
				DA041A6D1AF86E1E00BE5671 /* BmobPushDemoTests */,
			);
		};
/* End PBXProject section */

/* Begin PBXResourcesBuildPhase section */
		DA041A531AF86E1E00BE5671 /* Resources */ = {
			isa = PBXResourcesBuildPhase;
			buildActionMask = 2147483647;
			files = (
				DA041A641AF86E1E00BE5671 /* Main.storyboard in Resources */,
				DA041A691AF86E1E00BE5671 /* LaunchScreen.xib in Resources */,
				DA041A661AF86E1E00BE5671 /* Images.xcassets in Resources */,
			);
			runOnlyForDeploymentPostprocessing = 0;
		};
		DA041A6C1AF86E1E00BE5671 /* Resources */ = {
			isa = PBXResourcesBuildPhase;
			buildActionMask = 2147483647;
			files = (
			);
			runOnlyForDeploymentPostprocessing = 0;
		};
/* End PBXResourcesBuildPhase section */

/* Begin PBXSourcesBuildPhase section */
		DA041A511AF86E1E00BE5671 /* Sources */ = {
			isa = PBXSourcesBuildPhase;
			buildActionMask = 2147483647;
			files = (
				DA041A611AF86E1E00BE5671 /* ViewController.m in Sources */,
				DA041A5E1AF86E1E00BE5671 /* AppDelegate.m in Sources */,
				DA041A5B1AF86E1E00BE5671 /* main.m in Sources */,
			);
			runOnlyForDeploymentPostprocessing = 0;
		};
		DA041A6A1AF86E1E00BE5671 /* Sources */ = {
			isa = PBXSourcesBuildPhase;
			buildActionMask = 2147483647;
			files = (
				DA041A751AF86E1E00BE5671 /* BmobPushDemoTests.m in Sources */,
			);
			runOnlyForDeploymentPostprocessing = 0;
		};
/* End PBXSourcesBuildPhase section */

/* Begin PBXTargetDependency section */
		DA041A701AF86E1E00BE5671 /* PBXTargetDependency */ = {
			isa = PBXTargetDependency;
			target = DA041A541AF86E1E00BE5671 /* BmobPushDemo */;
			targetProxy = DA041A6F1AF86E1E00BE5671 /* PBXContainerItemProxy */;
		};
/* End PBXTargetDependency section */

/* Begin PBXVariantGroup section */
		DA041A621AF86E1E00BE5671 /* Main.storyboard */ = {
			isa = PBXVariantGroup;
			children = (
				DA041A631AF86E1E00BE5671 /* Base */,
			);
			name = Main.storyboard;
			sourceTree = "<group>";
		};
		DA041A671AF86E1E00BE5671 /* LaunchScreen.xib */ = {
			isa = PBXVariantGroup;
			children = (
				DA041A681AF86E1E00BE5671 /* Base */,
			);
			name = LaunchScreen.xib;
			sourceTree = "<group>";
		};
/* End PBXVariantGroup section */

/* Begin XCBuildConfiguration section */
		DA041A761AF86E1E00BE5671 /* Debug */ = {
			isa = XCBuildConfiguration;
			buildSettings = {
				ALWAYS_SEARCH_USER_PATHS = NO;
				CLANG_CXX_LANGUAGE_STANDARD = "gnu++0x";
				CLANG_CXX_LIBRARY = "libc++";
				CLANG_ENABLE_MODULES = YES;
				CLANG_ENABLE_OBJC_ARC = YES;
				CLANG_WARN_BOOL_CONVERSION = YES;
				CLANG_WARN_CONSTANT_CONVERSION = YES;
				CLANG_WARN_DIRECT_OBJC_ISA_USAGE = YES_ERROR;
				CLANG_WARN_EMPTY_BODY = YES;
				CLANG_WARN_ENUM_CONVERSION = YES;
				CLANG_WARN_INT_CONVERSION = YES;
				CLANG_WARN_OBJC_ROOT_CLASS = YES_ERROR;
				CLANG_WARN_UNREACHABLE_CODE = YES;
				CLANG_WARN__DUPLICATE_METHOD_MATCH = YES;
				"CODE_SIGN_IDENTITY[sdk=iphoneos*]" = "iPhone Developer";
				COPY_PHASE_STRIP = NO;
				DEBUG_INFORMATION_FORMAT = "dwarf-with-dsym";
				ENABLE_STRICT_OBJC_MSGSEND = YES;
				GCC_C_LANGUAGE_STANDARD = gnu99;
				GCC_DYNAMIC_NO_PIC = NO;
				GCC_NO_COMMON_BLOCKS = YES;
				GCC_OPTIMIZATION_LEVEL = 0;
				GCC_PREPROCESSOR_DEFINITIONS = (
					"DEBUG=1",
					"$(inherited)",
				);
				GCC_SYMBOLS_PRIVATE_EXTERN = NO;
				GCC_WARN_64_TO_32_BIT_CONVERSION = YES;
				GCC_WARN_ABOUT_RETURN_TYPE = YES_ERROR;
				GCC_WARN_UNDECLARED_SELECTOR = YES;
				GCC_WARN_UNINITIALIZED_AUTOS = YES_AGGRESSIVE;
				GCC_WARN_UNUSED_FUNCTION = YES;
				GCC_WARN_UNUSED_VARIABLE = YES;
				IPHONEOS_DEPLOYMENT_TARGET = 8.3;
				MTL_ENABLE_DEBUG_INFO = YES;
				ONLY_ACTIVE_ARCH = YES;
				SDKROOT = iphoneos;
			};
			name = Debug;
		};
		DA041A771AF86E1E00BE5671 /* Release */ = {
			isa = XCBuildConfiguration;
			buildSettings = {
				ALWAYS_SEARCH_USER_PATHS = NO;
				CLANG_CXX_LANGUAGE_STANDARD = "gnu++0x";
				CLANG_CXX_LIBRARY = "libc++";
				CLANG_ENABLE_MODULES = YES;
				CLANG_ENABLE_OBJC_ARC = YES;
				CLANG_WARN_BOOL_CONVERSION = YES;
				CLANG_WARN_CONSTANT_CONVERSION = YES;
				CLANG_WARN_DIRECT_OBJC_ISA_USAGE = YES_ERROR;
				CLANG_WARN_EMPTY_BODY = YES;
				CLANG_WARN_ENUM_CONVERSION = YES;
				CLANG_WARN_INT_CONVERSION = YES;
				CLANG_WARN_OBJC_ROOT_CLASS = YES_ERROR;
				CLANG_WARN_UNREACHABLE_CODE = YES;
				CLANG_WARN__DUPLICATE_METHOD_MATCH = YES;
				"CODE_SIGN_IDENTITY[sdk=iphoneos*]" = "iPhone Developer";
				COPY_PHASE_STRIP = NO;
				DEBUG_INFORMATION_FORMAT = "dwarf-with-dsym";
				ENABLE_NS_ASSERTIONS = NO;
				ENABLE_STRICT_OBJC_MSGSEND = YES;
				GCC_C_LANGUAGE_STANDARD = gnu99;
				GCC_NO_COMMON_BLOCKS = YES;
				GCC_WARN_64_TO_32_BIT_CONVERSION = YES;
				GCC_WARN_ABOUT_RETURN_TYPE = YES_ERROR;
				GCC_WARN_UNDECLARED_SELECTOR = YES;
				GCC_WARN_UNINITIALIZED_AUTOS = YES_AGGRESSIVE;
				GCC_WARN_UNUSED_FUNCTION = YES;
				GCC_WARN_UNUSED_VARIABLE = YES;
				IPHONEOS_DEPLOYMENT_TARGET = 8.3;
				MTL_ENABLE_DEBUG_INFO = NO;
				SDKROOT = iphoneos;
				VALIDATE_PRODUCT = YES;
			};
			name = Release;
		};
		DA041A791AF86E1E00BE5671 /* Debug */ = {
			isa = XCBuildConfiguration;
			buildSettings = {
				ASSETCATALOG_COMPILER_APPICON_NAME = AppIcon;
				CODE_SIGN_IDENTITY = "iPhone Developer: wuqiang xie (X8GY79G55U)";
				"CODE_SIGN_IDENTITY[sdk=iphoneos*]" = "iPhone Developer: wuqiang xie (X8GY79G55U)";
				ENABLE_BITCODE = NO;
				FRAMEWORK_SEARCH_PATHS = (
					"$(inherited)",
					"$(PROJECT_DIR)/BmobPushDemo",
				);
				INFOPLIST_FILE = BmobPushDemo/Info.plist;
				LD_RUNPATH_SEARCH_PATHS = "$(inherited) @executable_path/Frameworks";
				LIBRARY_SEARCH_PATHS = (
					"$(inherited)",
					"$(PROJECT_DIR)/BmobPushDemo",
				);
				PRODUCT_NAME = "$(TARGET_NAME)";
				PROVISIONING_PROFILE = "359a3fc8-3b45-4c47-9214-de5c774c46d8";
				SDKROOT = iphoneos;
			};
			name = Debug;
		};
		DA041A7A1AF86E1E00BE5671 /* Release */ = {
			isa = XCBuildConfiguration;
			buildSettings = {
				ASSETCATALOG_COMPILER_APPICON_NAME = AppIcon;
				CODE_SIGN_IDENTITY = "iPhone Developer: wuqiang xie (X8GY79G55U)";
				"CODE_SIGN_IDENTITY[sdk=iphoneos*]" = "iPhone Developer: wuqiang xie (X8GY79G55U)";
				ENABLE_BITCODE = NO;
				FRAMEWORK_SEARCH_PATHS = (
					"$(inherited)",
					"$(PROJECT_DIR)/BmobPushDemo",
				);
				INFOPLIST_FILE = BmobPushDemo/Info.plist;
				LD_RUNPATH_SEARCH_PATHS = "$(inherited) @executable_path/Frameworks";
				LIBRARY_SEARCH_PATHS = (
					"$(inherited)",
					"$(PROJECT_DIR)/BmobPushDemo",
				);
				PRODUCT_NAME = "$(TARGET_NAME)";
				PROVISIONING_PROFILE = "359a3fc8-3b45-4c47-9214-de5c774c46d8";
				SDKROOT = iphoneos;
			};
			name = Release;
		};
		DA041A7C1AF86E1E00BE5671 /* Debug */ = {
			isa = XCBuildConfiguration;
			buildSettings = {
				BUNDLE_LOADER = "$(TEST_HOST)";
				FRAMEWORK_SEARCH_PATHS = (
					"$(SDKROOT)/Developer/Library/Frameworks",
					"$(inherited)",
				);
				GCC_PREPROCESSOR_DEFINITIONS = (
					"DEBUG=1",
					"$(inherited)",
				);
				INFOPLIST_FILE = BmobPushDemoTests/Info.plist;
				LD_RUNPATH_SEARCH_PATHS = "$(inherited) @executable_path/Frameworks @loader_path/Frameworks";
				PRODUCT_NAME = "$(TARGET_NAME)";
				TEST_HOST = "$(BUILT_PRODUCTS_DIR)/BmobPushDemo.app/BmobPushDemo";
			};
			name = Debug;
		};
		DA041A7D1AF86E1E00BE5671 /* Release */ = {
			isa = XCBuildConfiguration;
			buildSettings = {
				BUNDLE_LOADER = "$(TEST_HOST)";
				FRAMEWORK_SEARCH_PATHS = (
					"$(SDKROOT)/Developer/Library/Frameworks",
					"$(inherited)",
				);
				INFOPLIST_FILE = BmobPushDemoTests/Info.plist;
				LD_RUNPATH_SEARCH_PATHS = "$(inherited) @executable_path/Frameworks @loader_path/Frameworks";
				PRODUCT_NAME = "$(TARGET_NAME)";
				TEST_HOST = "$(BUILT_PRODUCTS_DIR)/BmobPushDemo.app/BmobPushDemo";
			};
			name = Release;
		};
/* End XCBuildConfiguration section */

/* Begin XCConfigurationList section */
		DA041A501AF86E1E00BE5671 /* Build configuration list for PBXProject "BmobPushDemo" */ = {
			isa = XCConfigurationList;
			buildConfigurations = (
				DA041A761AF86E1E00BE5671 /* Debug */,
				DA041A771AF86E1E00BE5671 /* Release */,
			);
			defaultConfigurationIsVisible = 0;
			defaultConfigurationName = Release;
		};
		DA041A781AF86E1E00BE5671 /* Build configuration list for PBXNativeTarget "BmobPushDemo" */ = {
			isa = XCConfigurationList;
			buildConfigurations = (
				DA041A791AF86E1E00BE5671 /* Debug */,
				DA041A7A1AF86E1E00BE5671 /* Release */,
			);
			defaultConfigurationIsVisible = 0;
			defaultConfigurationName = Release;
		};
		DA041A7B1AF86E1E00BE5671 /* Build configuration list for PBXNativeTarget "BmobPushDemoTests" */ = {
			isa = XCConfigurationList;
			buildConfigurations = (
				DA041A7C1AF86E1E00BE5671 /* Debug */,
				DA041A7D1AF86E1E00BE5671 /* Release */,
			);
			defaultConfigurationIsVisible = 0;
			defaultConfigurationName = Release;
		};
/* End XCConfigurationList section */
	};
	rootObject = DA041A4D1AF86E1E00BE5671 /* Project object */;
}
